Microsoft Visual Studio Solution File, Format Version 12.00
# Visual Studio Version 17
VisualStudioVersion = 17.0.31903.59
MinimumVisualStudioVersion = 10.0.40219.1
Project("{FAE04EC0-301F-11D3-BF4B-00C04F79EFBC}") = "MiniBrowser.App", "src\MiniBrowser.App\MiniBrowser.App.csproj", "{6B0C44F8-514D-43D2-A8F0-33759646767B}"
EndProject
Project("{FAE04EC0-301F-11D3-BF4B-00C04F79EFBC}") = "MiniBrowser.SelfTest", "tests\MiniBrowser.SelfTest\MiniBrowser.SelfTest.csproj", "{B8E9420B-61D4-4E5D-BCCB-E45E70264D57}"
EndProject
Global
	GlobalSection(SolutionConfigurationPlatforms) = preSolution
		Debug|Any CPU = Debug|Any CPU
		Release|Any CPU = Release|Any CPU
	EndGlobalSection
	GlobalSection(ProjectConfigurationPlatforms) = postSolution
		{6B0C44F8-514D-43D2-A8F0-33759646767B}.Debug|Any CPU.ActiveCfg = Debug|Any CPU
		{6B0C44F8-514D-43D2-A8F0-33759646767B}.Debug|Any CPU.Build.0 = Debug|Any CPU
		{6B0C44F8-514D-43D2-A8F0-33759646767B}.Release|Any CPU.ActiveCfg = Release|Any CPU
		{6B0C44F8-514D-43D2-A8F0-33759646767B}.Release|Any CPU.Build.0 = Release|Any CPU
		{B8E9420B-61D4-4E5D-BCCB-E45E70264D57}.Debug|Any CPU.ActiveCfg = Debug|Any CPU
		{B8E9420B-61D4-4E5D-BCCB-E45E70264D57}.Debug|Any CPU.Build.0 = Debug|Any CPU
		{B8E9420B-61D4-4E5D-BCCB-E45E70264D57}.Release|Any CPU.ActiveCfg = Release|Any CPU
		{B8E9420B-61D4-4E5D-BCCB-E45E70264D57}.Release|Any CPU.Build.0 = Release|Any CPU
	EndGlobalSection
EndGlobal
